// !$*UTF8*$!
{
	archiveVersion = 1;
	classes = {
	};
	objectVersion = 46;
	objects = {

/* Begin PBXBuildFile section */
		5C087A982022F30800D1C15D /* menu1.png in Resources */ = {isa = PBXBuildFile; fileRef = 5C087A972022F30800D1C15D /* menu1.png */; };
		5C0B2A5720218F3E006E7C9A /* MenuTableViewController.swift in Sources */ = {isa = PBXBuildFile; fileRef = 5C0B2A5620218F3E006E7C9A /* MenuTableViewController.swift */; };
		5C0B2A592021C3EE006E7C9A /* HPNavViewController.swift in Sources */ = {isa = PBXBuildFile; fileRef = 5C0B2A582021C3EE006E7C9A /* HPNavViewController.swift */; };
		5C0B891B201B58D200CBAE56 /* ProfileTableViewCell.swift in Sources */ = {isa = PBXBuildFile; fileRef = 5C0B891A201B58D200CBAE56 /* ProfileTableViewCell.swift */; };
		5C64D902201858D3006AEBAD /* ENSideMenu.swift in Sources */ = {isa = PBXBuildFile; fileRef = 5C64D900201858D3006AEBAD /* ENSideMenu.swift */; };
		5C64D903201858D3006AEBAD /* ENSideMenuNavigationController.swift in Sources */ = {isa = PBXBuildFile; fileRef = 5C64D901201858D3006AEBAD /* ENSideMenuNavigationController.swift */; };
		5C64D90920185CAE006AEBAD /* sandeep.jpeg in Resources */ = {isa = PBXBuildFile; fileRef = 5C64D90820185CAE006AEBAD /* sandeep.jpeg */; };
		5C6AAE4720171A94000EF7D8 /* AppDelegate.swift in Sources */ = {isa = PBXBuildFile; fileRef = 5C6AAE4620171A94000EF7D8 /* AppDelegate.swift */; };
		5C6AAE4920171A94000EF7D8 /* ViewController.swift in Sources */ = {isa = PBXBuildFile; fileRef = 5C6AAE4820171A94000EF7D8 /* ViewController.swift */; };
		5C6AAE4C20171A94000EF7D8 /* Main.storyboard in Resources */ = {isa = PBXBuildFile; fileRef = 5C6AAE4A20171A94000EF7D8 /* Main.storyboard */; };
		5C6AAE4E20171A94000EF7D8 /* Assets.xcassets in Resources */ = {isa = PBXBuildFile; fileRef = 5C6AAE4D20171A94000EF7D8 /* Assets.xcassets */; };
		5C6AAE5120171A94000EF7D8 /* LaunchScreen.storyboard in Resources */ = {isa = PBXBuildFile; fileRef = 5C6AAE4F20171A94000EF7D8 /* LaunchScreen.storyboard */; };
		5C6AAE5C20176740000EF7D8 /* profilePic.png in Resources */ = {isa = PBXBuildFile; fileRef = 5C6AAE5A20176740000EF7D8 /* profilePic.png */; };
		5C6AAE5D20176740000EF7D8 /* BRNlogo.png in Resources */ = {isa = PBXBuildFile; fileRef = 5C6AAE5B20176740000EF7D8 /* BRNlogo.png */; };
		5C6AAE5F201767DE000EF7D8 /* HomePageTVC.swift in Sources */ = {isa = PBXBuildFile; fileRef = 5C6AAE5E201767DE000EF7D8 /* HomePageTVC.swift */; };
		5CD71C19202341520002A5DF /* DailyStatusUpdateVC.swift in Sources */ = {isa = PBXBuildFile; fileRef = 5CD71C18202341520002A5DF /* DailyStatusUpdateVC.swift */; };
		5CD71C1B202341820002A5DF /* CreateReuestVC.swift in Sources */ = {isa = PBXBuildFile; fileRef = 5CD71C1A202341820002A5DF /* CreateReuestVC.swift */; };
		5CD71C1D2023419D0002A5DF /* ApplyLeaveVC.swift in Sources */ = {isa = PBXBuildFile; fileRef = 5CD71C1C2023419D0002A5DF /* ApplyLeaveVC.swift */; };
		5CD71C1F202341B80002A5DF /* AppSearchVC.swift in Sources */ = {isa = PBXBuildFile; fileRef = 5CD71C1E202341B80002A5DF /* AppSearchVC.swift */; };
		5CD71C21202345A00002A5DF /* DataStore.swift in Sources */ = {isa = PBXBuildFile; fileRef = 5CD71C20202345A00002A5DF /* DataStore.swift */; };
		8C47F981E68F903300EA41F3 /* Pods_BRNPulse.framework in Frameworks */ = {isa = PBXBuildFile; fileRef = D709678C690636DA148D57EB /* Pods_BRNPulse.framework */; };
/* End PBXBuildFile section */

/* Begin PBXFileReference section */
		5C087A972022F30800D1C15D /* menu1.png */ = {isa = PBXFileReference; lastKnownFileType = image.png; path = menu1.png; sourceTree = "<group>"; };
		5C0B2A5620218F3E006E7C9A /* MenuTableViewController.swift */ = {isa = PBXFileReference; fileEncoding = 4; lastKnownFileType = sourcecode.swift; path = MenuTableViewController.swift; sourceTree = "<group>"; };
		5C0B2A582021C3EE006E7C9A /* HPNavViewController.swift */ = {isa = PBXFileReference; fileEncoding = 4; lastKnownFileType = sourcecode.swift; path = HPNavViewController.swift; sourceTree = "<group>"; };
		5C0B891A201B58D200CBAE56 /* ProfileTableViewCell.swift */ = {isa = PBXFileReference; fileEncoding = 4; lastKnownFileType = sourcecode.swift; path = ProfileTableViewCell.swift; sourceTree = "<group>"; };
		5C64D900201858D3006AEBAD /* ENSideMenu.swift */ = {isa = PBXFileReference; fileEncoding = 4; lastKnownFileType = sourcecode.swift; path = ENSideMenu.swift; sourceTree = "<group>"; };
		5C64D901201858D3006AEBAD /* ENSideMenuNavigationController.swift */ = {isa = PBXFileReference; fileEncoding = 4; lastKnownFileType = sourcecode.swift; path = ENSideMenuNavigationController.swift; sourceTree = "<group>"; };
		5C64D90820185CAE006AEBAD /* sandeep.jpeg */ = {isa = PBXFileReference; lastKnownFileType = image.jpeg; path = sandeep.jpeg; sourceTree = "<group>"; };
		5C6AAE4320171A94000EF7D8 /* BRNPulse.app */ = {isa = PBXFileReference; explicitFileType = wrapper.application; includeInIndex = 0; path = BRNPulse.app; sourceTree = BUILT_PRODUCTS_DIR; };
		5C6AAE4620171A94000EF7D8 /* AppDelegate.swift */ = {isa = PBXFileReference; lastKnownFileType = sourcecode.swift; path = AppDelegate.swift; sourceTree = "<group>"; };
		5C6AAE4820171A94000EF7D8 /* ViewController.swift */ = {isa = PBXFileReference; lastKnownFileType = sourcecode.swift; path = ViewController.swift; sourceTree = "<group>"; };
		5C6AAE4B20171A94000EF7D8 /* Base */ = {isa = PBXFileReference; lastKnownFileType = file.storyboard; name = Base; path = Base.lproj/Main.storyboard; sourceTree = "<group>"; };
		5C6AAE4D20171A94000EF7D8 /* Assets.xcassets */ = {isa = PBXFileReference; lastKnownFileType = folder.assetcatalog; path = Assets.xcassets; sourceTree = "<group>"; };
		5C6AAE5020171A94000EF7D8 /* Base */ = {isa = PBXFileReference; lastKnownFileType = file.storyboard; name = Base; path = Base.lproj/LaunchScreen.storyboard; sourceTree = "<group>"; };
		5C6AAE5220171A94000EF7D8 /* Info.plist */ = {isa = PBXFileReference; lastKnownFileType = text.plist.xml; path = Info.plist; sourceTree = "<group>"; };
		5C6AAE5A20176740000EF7D8 /* profilePic.png */ = {isa = PBXFileReference; lastKnownFileType = image.png; path = profilePic.png; sourceTree = "<group>"; };
		5C6AAE5B20176740000EF7D8 /* BRNlogo.png */ = {isa = PBXFileReference; lastKnownFileType = image.png; path = BRNlogo.png; sourceTree = "<group>"; };
		5C6AAE5E201767DE000EF7D8 /* HomePageTVC.swift */ = {isa = PBXFileReference; fileEncoding = 4; lastKnownFileType = sourcecode.swift; path = HomePageTVC.swift; sourceTree = "<group>"; };
		5CD71C18202341520002A5DF /* DailyStatusUpdateVC.swift */ = {isa = PBXFileReference; fileEncoding = 4; lastKnownFileType = sourcecode.swift; path = DailyStatusUpdateVC.swift; sourceTree = "<group>"; };
		5CD71C1A202341820002A5DF /* CreateReuestVC.swift */ = {isa = PBXFileReference; fileEncoding = 4; lastKnownFileType = sourcecode.swift; path = CreateReuestVC.swift; sourceTree = "<group>"; };
		5CD71C1C2023419D0002A5DF /* ApplyLeaveVC.swift */ = {isa = PBXFileReference; fileEncoding = 4; lastKnownFileType = sourcecode.swift; path = ApplyLeaveVC.swift; sourceTree = "<group>"; };
		5CD71C1E202341B80002A5DF /* AppSearchVC.swift */ = {isa = PBXFileReference; fileEncoding = 4; lastKnownFileType = sourcecode.swift; path = AppSearchVC.swift; sourceTree = "<group>"; };
		5CD71C20202345A00002A5DF /* DataStore.swift */ = {isa = PBXFileReference; fileEncoding = 4; lastKnownFileType = sourcecode.swift; path = DataStore.swift; sourceTree = "<group>"; };
		D61B4989B80F0A6F4F6C53E0 /* Pods-BRNPulse.release.xcconfig */ = {isa = PBXFileReference; includeInIndex = 1; lastKnownFileType = text.xcconfig; name = "Pods-BRNPulse.release.xcconfig"; path = "Pods/Target Support Files/Pods-BRNPulse/Pods-BRNPulse.release.xcconfig"; sourceTree = "<group>"; };
		D709678C690636DA148D57EB /* Pods_BRNPulse.framework */ = {isa = PBXFileReference; explicitFileType = wrapper.framework; includeInIndex = 0; path = Pods_BRNPulse.framework; sourceTree = BUILT_PRODUCTS_DIR; };
		FC019794AF14A80A0ABE9F56 /* Pods-BRNPulse.debug.xcconfig */ = {isa = PBXFileReference; includeInIndex = 1; lastKnownFileType = text.xcconfig; name = "Pods-BRNPulse.debug.xcconfig"; path = "Pods/Target Support Files/Pods-BRNPulse/Pods-BRNPulse.debug.xcconfig"; sourceTree = "<group>"; };
/* End PBXFileReference section */

/* Begin PBXFrameworksBuildPhase section */
		5C6AAE4020171A94000EF7D8 /* Frameworks */ = {
			isa = PBXFrameworksBuildPhase;
			buildActionMask = 2147483647;
			files = (
				8C47F981E68F903300EA41F3 /* Pods_BRNPulse.framework in Frameworks */,
			);
			runOnlyForDeploymentPostprocessing = 0;
		};
/* End PBXFrameworksBuildPhase section */

/* Begin PBXGroup section */
		5C6AAE3A20171A94000EF7D8 = {
			isa = PBXGroup;
			children = (
				5C6AAE4520171A94000EF7D8 /* BRNPulse */,
				5C6AAE4420171A94000EF7D8 /* Products */,
				5C64D900201858D3006AEBAD /* ENSideMenu.swift */,
				5C64D901201858D3006AEBAD /* ENSideMenuNavigationController.swift */,
				8DDF8A52278DD0A76F249E6B /* Pods */,
				6F2F22D4023CAA1BEFCA61F1 /* Frameworks */,
			);
			sourceTree = "<group>";
		};
		5C6AAE4420171A94000EF7D8 /* Products */ = {
			isa = PBXGroup;
			children = (
				5C6AAE4320171A94000EF7D8 /* BRNPulse.app */,
			);
			name = Products;
			sourceTree = "<group>";
		};
		5C6AAE4520171A94000EF7D8 /* BRNPulse */ = {
			isa = PBXGroup;
			children = (
				5C6AAE4620171A94000EF7D8 /* AppDelegate.swift */,
				5C6AAE4820171A94000EF7D8 /* ViewController.swift */,
				5C0B2A582021C3EE006E7C9A /* HPNavViewController.swift */,
				5C0B2A5620218F3E006E7C9A /* MenuTableViewController.swift */,
				5C6AAE5E201767DE000EF7D8 /* HomePageTVC.swift */,
				5C0B891A201B58D200CBAE56 /* ProfileTableViewCell.swift */,
				5CD71C18202341520002A5DF /* DailyStatusUpdateVC.swift */,
				5CD71C1E202341B80002A5DF /* AppSearchVC.swift */,
				5CD71C1C2023419D0002A5DF /* ApplyLeaveVC.swift */,
				5CD71C1A202341820002A5DF /* CreateReuestVC.swift */,
				5CD71C20202345A00002A5DF /* DataStore.swift */,
				5C6AAE4A20171A94000EF7D8 /* Main.storyboard */,
				5C6AAE4D20171A94000EF7D8 /* Assets.xcassets */,
				5C6AAE4F20171A94000EF7D8 /* LaunchScreen.storyboard */,
				5C6AAE5220171A94000EF7D8 /* Info.plist */,
				5C6AAE5920176682000EF7D8 /* SampleImages */,
			);
			path = BRNPulse;
			sourceTree = "<group>";
		};
		5C6AAE5920176682000EF7D8 /* SampleImages */ = {
			isa = PBXGroup;
			children = (
				5C6AAE5A20176740000EF7D8 /* profilePic.png */,
				5C64D90820185CAE006AEBAD /* sandeep.jpeg */,
				5C6AAE5B20176740000EF7D8 /* BRNlogo.png */,
				5C087A972022F30800D1C15D /* menu1.png */,
			);
			name = SampleImages;
			sourceTree = "<group>";
		};
		6F2F22D4023CAA1BEFCA61F1 /* Frameworks */ = {
			isa = PBXGroup;
			children = (
				D709678C690636DA148D57EB /* Pods_BRNPulse.framework */,
			);
			name = Frameworks;
			sourceTree = "<group>";
		};
		8DDF8A52278DD0A76F249E6B /* Pods */ = {
			isa = PBXGroup;
			children = (
				FC019794AF14A80A0ABE9F56 /* Pods-BRNPulse.debug.xcconfig */,
				D61B4989B80F0A6F4F6C53E0 /* Pods-BRNPulse.release.xcconfig */,
			);
			name = Pods;
			sourceTree = "<group>";
		};
/* End PBXGroup section */

/* Begin PBXNativeTarget section */
		5C6AAE4220171A94000EF7D8 /* BRNPulse */ = {
			isa = PBXNativeTarget;
			buildConfigurationList = 5C6AAE5520171A94000EF7D8 /* Build configuration list for PBXNativeTarget "BRNPulse" */;
			buildPhases = (
				EB67613A780CE0DFF8075FCB /* [CP] Check Pods Manifest.lock */,
				5C6AAE3F20171A94000EF7D8 /* Sources */,
				5C6AAE4020171A94000EF7D8 /* Frameworks */,
				5C6AAE4120171A94000EF7D8 /* Resources */,
				86A063502B79BFE5B63DA77C /* [CP] Embed Pods Frameworks */,
				CD764F0754F87A299EAA702A /* [CP] Copy Pods Resources */,
			);
			buildRules = (
			);
			dependencies = (
			);
			name = BRNPulse;
			productName = BRNPulse;
			productReference = 5C6AAE4320171A94000EF7D8 /* BRNPulse.app */;
			productType = "com.apple.product-type.application";
		};
/* End PBXNativeTarget section */

/* Begin PBXProject section */
		5C6AAE3B20171A94000EF7D8 /* Project object */ = {
			isa = PBXProject;
			attributes = {
				LastSwiftUpdateCheck = 0830;
				LastUpgradeCheck = 0830;
				ORGANIZATIONNAME = BRN;
				TargetAttributes = {
					5C6AAE4220171A94000EF7D8 = {
						CreatedOnToolsVersion = 8.3.3;
						ProvisioningStyle = Automatic;
					};
				};
			};
			buildConfigurationList = 5C6AAE3E20171A94000EF7D8 /* Build configuration list for PBXProject "BRNPulse" */;
			compatibilityVersion = "Xcode 3.2";
			developmentRegion = English;
			hasScannedForEncodings = 0;
			knownRegions = (
				en,
				Base,
			);
			mainGroup = 5C6AAE3A20171A94000EF7D8;
			productRefGroup = 5C6AAE4420171A94000EF7D8 /* Products */;
			projectDirPath = "";
			projectRoot = "";
			targets = (
				5C6AAE4220171A94000EF7D8 /* BRNPulse */,
			);
		};
/* End PBXProject section */

/* Begin PBXResourcesBuildPhase section */
		5C6AAE4120171A94000EF7D8 /* Resources */ = {
			isa = PBXResourcesBuildPhase;
			buildActionMask = 2147483647;
			files = (
				5C6AAE5120171A94000EF7D8 /* LaunchScreen.storyboard in Resources */,
				5C087A982022F30800D1C15D /* menu1.png in Resources */,
				5C6AAE4E20171A94000EF7D8 /* Assets.xcassets in Resources */,
				5C64D90920185CAE006AEBAD /* sandeep.jpeg in Resources */,
				5C6AAE5C20176740000EF7D8 /* profilePic.png in Resources */,
				5C6AAE4C20171A94000EF7D8 /* Main.storyboard in Resources */,
				5C6AAE5D20176740000EF7D8 /* BRNlogo.png in Resources */,
			);
			runOnlyForDeploymentPostprocessing = 0;
		};
/* End PBXResourcesBuildPhase section */

/* Begin PBXShellScriptBuildPhase section */
		86A063502B79BFE5B63DA77C /* [CP] Embed Pods Frameworks */ = {
			isa = PBXShellScriptBuildPhase;
			buildActionMask = 2147483647;
			files = (
			);
			inputPaths = (
				"${SRCROOT}/Pods/Target Support Files/Pods-BRNPulse/Pods-BRNPulse-frameworks.sh",
				"${BUILT_PRODUCTS_DIR}/IQKeyboardManagerSwift/IQKeyboardManagerSwift.framework",
			);
			name = "[CP] Embed Pods Frameworks";
			outputPaths = (
				"${TARGET_BUILD_DIR}/${FRAMEWORKS_FOLDER_PATH}/IQKeyboardManagerSwift.framework",
			);
			runOnlyForDeploymentPostprocessing = 0;
			shellPath = /bin/sh;
			shellScript = "\"${SRCROOT}/Pods/Target Support Files/Pods-BRNPulse/Pods-BRNPulse-frameworks.sh\"\n";
			showEnvVarsInLog = 0;
		};
		CD764F0754F87A299EAA702A /* [CP] Copy Pods Resources */ = {
			isa = PBXShellScriptBuildPhase;
			buildActionMask = 2147483647;
			files = (
			);
			inputPaths = (
			);
			name = "[CP] Copy Pods Resources";
			outputPaths = (
			);
			runOnlyForDeploymentPostprocessing = 0;
			shellPath = /bin/sh;
			shellScript = "\"${SRCROOT}/Pods/Target Support Files/Pods-BRNPulse/Pods-BRNPulse-resources.sh\"\n";
			showEnvVarsInLog = 0;
		};
		EB67613A780CE0DFF8075FCB /* [CP] Check Pods Manifest.lock */ = {
			isa = PBXShellScriptBuildPhase;
			buildActionMask = 2147483647;
			files = (
			);
			inputPaths = (
				"${PODS_PODFILE_DIR_PATH}/Podfile.lock",
				"${PODS_ROOT}/Manifest.lock",
			);
			name = "[CP] Check Pods Manifest.lock";
			outputPaths = (
				"$(DERIVED_FILE_DIR)/Pods-BRNPulse-checkManifestLockResult.txt",
			);
			runOnlyForDeploymentPostprocessing = 0;
			shellPath = /bin/sh;
			shellScript = "diff \"${PODS_PODFILE_DIR_PATH}/Podfile.lock\" \"${PODS_ROOT}/Manifest.lock\" > /dev/null\nif [ $? != 0 ] ; then\n    # print error to STDERR\n    echo \"error: The sandbox is not in sync with the Podfile.lock. Run 'pod install' or update your CocoaPods installation.\" >&2\n    exit 1\nfi\n# This output is used by Xcode 'outputs' to avoid re-running this script phase.\necho \"SUCCESS\" > \"${SCRIPT_OUTPUT_FILE_0}\"\n";
			showEnvVarsInLog = 0;
		};
/* End PBXShellScriptBuildPhase section */

/* Begin PBXSourcesBuildPhase section */
		5C6AAE3F20171A94000EF7D8 /* Sources */ = {
			isa = PBXSourcesBuildPhase;
			buildActionMask = 2147483647;
			files = (
				5CD71C21202345A00002A5DF /* DataStore.swift in Sources */,
				5C64D902201858D3006AEBAD /* ENSideMenu.swift in Sources */,
				5C6AAE4920171A94000EF7D8 /* ViewController.swift in Sources */,
				5C6AAE4720171A94000EF7D8 /* AppDelegate.swift in Sources */,
				5CD71C19202341520002A5DF /* DailyStatusUpdateVC.swift in Sources */,
				5CD71C1F202341B80002A5DF /* AppSearchVC.swift in Sources */,
				5C0B2A5720218F3E006E7C9A /* MenuTableViewController.swift in Sources */,
				5C0B891B201B58D200CBAE56 /* ProfileTableViewCell.swift in Sources */,
				5C64D903201858D3006AEBAD /* ENSideMenuNavigationController.swift in Sources */,
				5C6AAE5F201767DE000EF7D8 /* HomePageTVC.swift in Sources */,
				5CD71C1D2023419D0002A5DF /* ApplyLeaveVC.swift in Sources */,
				5CD71C1B202341820002A5DF /* CreateReuestVC.swift in Sources */,
				5C0B2A592021C3EE006E7C9A /* HPNavViewController.swift in Sources */,
			);
			runOnlyForDeploymentPostprocessing = 0;
		};
/* End PBXSourcesBuildPhase section */

/* Begin PBXVariantGroup section */
		5C6AAE4A20171A94000EF7D8 /* Main.storyboard */ = {
			isa = PBXVariantGroup;
			children = (
				5C6AAE4B20171A94000EF7D8 /* Base */,
			);
			name = Main.storyboard;
			sourceTree = "<group>";
		};
		5C6AAE4F20171A94000EF7D8 /* LaunchScreen.storyboard */ = {
			isa = PBXVariantGroup;
			children = (
				5C6AAE5020171A94000EF7D8 /* Base */,
			);
			name = LaunchScreen.storyboard;
			sourceTree = "<group>";
		};
/* End PBXVariantGroup section */

/* Begin XCBuildConfiguration section */
		5C6AAE5320171A94000EF7D8 /* Debug */ = {
			isa = XCBuildConfiguration;
			buildSettings = {
				ALWAYS_SEARCH_USER_PATHS = NO;
				CLANG_ANALYZER_NONNULL = YES;
				CLANG_ANALYZER_NUMBER_OBJECT_CONVERSION = YES_AGGRESSIVE;
				CLANG_CXX_LANGUAGE_STANDARD = "gnu++0x";
				CLANG_CXX_LIBRARY = "libc++";
				CLANG_ENABLE_MODULES = YES;
				CLANG_ENABLE_OBJC_ARC = YES;
				CLANG_WARN_BOOL_CONVERSION = YES;
				CLANG_WARN_CONSTANT_CONVERSION = YES;
				CLANG_WARN_DIRECT_OBJC_ISA_USAGE = YES_ERROR;
				CLANG_WARN_DOCUMENTATION_COMMENTS = YES;
				CLANG_WARN_EMPTY_BODY = YES;
				CLANG_WARN_ENUM_CONVERSION = YES;
				CLANG_WARN_INFINITE_RECURSION = YES;
				CLANG_WARN_INT_CONVERSION = YES;
				CLANG_WARN_OBJC_ROOT_CLASS = YES_ERROR;
				CLANG_WARN_SUSPICIOUS_MOVE = YES;
				CLANG_WARN_UNREACHABLE_CODE = YES;
				CLANG_WARN__DUPLICATE_METHOD_MATCH = YES;
				"CODE_SIGN_IDENTITY[sdk=iphoneos*]" = "iPhone Developer";
				COPY_PHASE_STRIP = NO;
				DEBUG_INFORMATION_FORMAT = dwarf;
				ENABLE_STRICT_OBJC_MSGSEND = YES;
				ENABLE_TESTABILITY = YES;
				GCC_C_LANGUAGE_STANDARD = gnu99;
				GCC_DYNAMIC_NO_PIC = NO;
				GCC_NO_COMMON_BLOCKS = YES;
				GCC_OPTIMIZATION_LEVEL = 0;
				GCC_PREPROCESSOR_DEFINITIONS = (
					"DEBUG=1",
					"$(inherited)",
				);
				GCC_WARN_64_TO_32_BIT_CONVERSION = YES;
				GCC_WARN_ABOUT_RETURN_TYPE = YES_ERROR;
				GCC_WARN_UNDECLARED_SELECTOR = YES;
				GCC_WARN_UNINITIALIZED_AUTOS = YES_AGGRESSIVE;
				GCC_WARN_UNUSED_FUNCTION = YES;
				GCC_WARN_UNUSED_VARIABLE = YES;
				IPHONEOS_DEPLOYMENT_TARGET = 10.3;
				MTL_ENABLE_DEBUG_INFO = YES;
				ONLY_ACTIVE_ARCH = YES;
				SDKROOT = iphoneos;
				SWIFT_ACTIVE_COMPILATION_CONDITIONS = DEBUG;
				SWIFT_OPTIMIZATION_LEVEL = "-Onone";
				TARGETED_DEVICE_FAMILY = "1,2";
			};
			name = Debug;
		};
		5C6AAE5420171A94000EF7D8 /* Release */ = {
			isa = XCBuildConfiguration;
			buildSettings = {
				ALWAYS_SEARCH_USER_PATHS = NO;
				CLANG_ANALYZER_NONNULL = YES;
				CLANG_ANALYZER_NUMBER_OBJECT_CONVERSION = YES_AGGRESSIVE;
				CLANG_CXX_LANGUAGE_STANDARD = "gnu++0x";
				CLANG_CXX_LIBRARY = "libc++";
				CLANG_ENABLE_MODULES = YES;
				CLANG_ENABLE_OBJC_ARC = YES;
				CLANG_WARN_BOOL_CONVERSION = YES;
				CLANG_WARN_CONSTANT_CONVERSION = YES;
				CLANG_WARN_DIRECT_OBJC_ISA_USAGE = YES_ERROR;
				CLANG_WARN_DOCUMENTATION_COMMENTS = YES;
				CLANG_WARN_EMPTY_BODY = YES;
				CLANG_WARN_ENUM_CONVERSION = YES;
				CLANG_WARN_INFINITE_RECURSION = YES;
				CLANG_WARN_INT_CONVERSION = YES;
				CLANG_WARN_OBJC_ROOT_CLASS = YES_ERROR;
				CLANG_WARN_SUSPICIOUS_MOVE = YES;
				CLANG_WARN_UNREACHABLE_CODE = YES;
				CLANG_WARN__DUPLICATE_METHOD_MATCH = YES;
				"CODE_SIGN_IDENTITY[sdk=iphoneos*]" = "iPhone Developer";
				COPY_PHASE_STRIP = NO;
				DEBUG_INFORMATION_FORMAT = "dwarf-with-dsym";
				ENABLE_NS_ASSERTIONS = NO;
				ENABLE_STRICT_OBJC_MSGSEND = YES;
				GCC_C_LANGUAGE_STANDARD = gnu99;
				GCC_NO_COMMON_BLOCKS = YES;
				GCC_WARN_64_TO_32_BIT_CONVERSION = YES;
				GCC_WARN_ABOUT_RETURN_TYPE = YES_ERROR;
				GCC_WARN_UNDECLARED_SELECTOR = YES;
				GCC_WARN_UNINITIALIZED_AUTOS = YES_AGGRESSIVE;
				GCC_WARN_UNUSED_FUNCTION = YES;
				GCC_WARN_UNUSED_VARIABLE = YES;
				IPHONEOS_DEPLOYMENT_TARGET = 10.3;
				MTL_ENABLE_DEBUG_INFO = NO;
				SDKROOT = iphoneos;
				SWIFT_OPTIMIZATION_LEVEL = "-Owholemodule";
				TARGETED_DEVICE_FAMILY = "1,2";
				VALIDATE_PRODUCT = YES;
			};
			name = Release;
		};
		5C6AAE5620171A94000EF7D8 /* Debug */ = {
			isa = XCBuildConfiguration;
			baseConfigurationReference = FC019794AF14A80A0ABE9F56 /* Pods-BRNPulse.debug.xcconfig */;
			buildSettings = {
				ASSETCATALOG_COMPILER_APPICON_NAME = AppIcon;
				INFOPLIST_FILE = BRNPulse/Info.plist;
				LD_RUNPATH_SEARCH_PATHS = "$(inherited) @executable_path/Frameworks";
				PRODUCT_BUNDLE_IDENTIFIER = infotech.BRNPulse;
				PRODUCT_NAME = "$(TARGET_NAME)";
				SWIFT_VERSION = 3.0;
			};
			name = Debug;
		};
		5C6AAE5720171A94000EF7D8 /* Release */ = {
			isa = XCBuildConfiguration;
			baseConfigurationReference = D61B4989B80F0A6F4F6C53E0 /* Pods-BRNPulse.release.xcconfig */;
			buildSettings = {
				ASSETCATALOG_COMPILER_APPICON_NAME = AppIcon;
				INFOPLIST_FILE = BRNPulse/Info.plist;
				LD_RUNPATH_SEARCH_PATHS = "$(inherited) @executable_path/Frameworks";
				PRODUCT_BUNDLE_IDENTIFIER = infotech.BRNPulse;
				PRODUCT_NAME = "$(TARGET_NAME)";
				SWIFT_VERSION = 3.0;
			};
			name = Release;
		};
/* End XCBuildConfiguration section */

/* Begin XCConfigurationList section */
		5C6AAE3E20171A94000EF7D8 /* Build configuration list for PBXProject "BRNPulse" */ = {
			isa = XCConfigurationList;
			buildConfigurations = (
				5C6AAE5320171A94000EF7D8 /* Debug */,
				5C6AAE5420171A94000EF7D8 /* Release */,
			);
			defaultConfigurationIsVisible = 0;
			defaultConfigurationName = Release;
		};
		5C6AAE5520171A94000EF7D8 /* Build configuration list for PBXNativeTarget "BRNPulse" */ = {
			isa = XCConfigurationList;
			buildConfigurations = (
				5C6AAE5620171A94000EF7D8 /* Debug */,
				5C6AAE5720171A94000EF7D8 /* Release */,
			);
			defaultConfigurationIsVisible = 0;
			defaultConfigurationName = Release;
		};
/* End XCConfigurationList section */
	};
	rootObject = 5C6AAE3B20171A94000EF7D8 /* Project object */;
}
